
Microsoft Visual Studio Solution File, Format Version 12.00
# Visual Studio Version 16
VisualStudioVersion = 16.0.32929.386
MinimumVisualStudioVersion = 10.0.40219.1
Project("{FAE04EC0-301F-11D3-BF4B-00C04F79EFBC}") = "Algorithms", "AlgorithmsAndDataStructures\Algorithms.csproj", "{D91C6C69-84DD-4C28-9762-383756BAAC45}"
EndProject
Project("{FAE04EC0-301F-11D3-BF4B-00C04F79EFBC}") = "DataStructures", "DataStructures\DataStructures.csproj", "{6125C863-8F60-439B-ACBB-6AC48E8A9F28}"
EndProject
Global
	GlobalSection(SolutionConfigurationPlatforms) = preSolution
		Debug|Any CPU = Debug|Any CPU
		Release|Any CPU = Release|Any CPU
	EndGlobalSection
	GlobalSection(ProjectConfigurationPlatforms) = postSolution
		{D91C6C69-84DD-4C28-9762-383756BAAC45}.Debug|Any CPU.ActiveCfg = Debug|Any CPU
		{D91C6C69-84DD-4C28-9762-383756BAAC45}.Debug|Any CPU.Build.0 = Debug|Any CPU
		{D91C6C69-84DD-4C28-9762-383756BAAC45}.Release|Any CPU.ActiveCfg = Release|Any CPU
		{D91C6C69-84DD-4C28-9762-383756BAAC45}.Release|Any CPU.Build.0 = Release|Any CPU
		{6125C863-8F60-439B-ACBB-6AC48E8A9F28}.Debug|Any CPU.ActiveCfg = Debug|Any CPU
		{6125C863-8F60-439B-ACBB-6AC48E8A9F28}.Debug|Any CPU.Build.0 = Debug|Any CPU
		{6125C863-8F60-439B-ACBB-6AC48E8A9F28}.Release|Any CPU.ActiveCfg = Release|Any CPU
		{6125C863-8F60-439B-ACBB-6AC48E8A9F28}.Release|Any CPU.Build.0 = Release|Any CPU
	EndGlobalSection
	GlobalSection(SolutionProperties) = preSolution
		HideSolutionNode = FALSE
	EndGlobalSection
	GlobalSection(ExtensibilityGlobals) = postSolution
		SolutionGuid = {A095064F-8C71-4E64-A5D2-9EF3709086EA}
	EndGlobalSection
EndGlobal
